// !$*UTF8*$!
{
	archiveVersion = 1;
	classes = {
	};
	objectVersion = 56;
	objects = {

/* Begin PBXBuildFile section */
		E70B03232C53AAC900F3E5FA /* NoteItemCellView.swift in Sources */ = {isa = PBXBuildFile; fileRef = E70B03222C53AAC900F3E5FA /* NoteItemCellView.swift */; };
		E7625C0D2C2870D800628EFB /* NotesApp.swift in Sources */ = {isa = PBXBuildFile; fileRef = E7625C0C2C2870D800628EFB /* NotesApp.swift */; };
		E7625C112C2870D900628EFB /* Assets.xcassets in Resources */ = {isa = PBXBuildFile; fileRef = E7625C102C2870D900628EFB /* Assets.xcassets */; };
		E7625C142C2870D900628EFB /* Preview Assets.xcassets in Resources */ = {isa = PBXBuildFile; fileRef = E7625C132C2870D900628EFB /* Preview Assets.xcassets */; };
		E7625C1D2C28717800628EFB /* HomeView.swift in Sources */ = {isa = PBXBuildFile; fileRef = E7625C1C2C28717800628EFB /* HomeView.swift */; };
		E7625C1F2C2875A400628EFB /* SideMenu.swift in Sources */ = {isa = PBXBuildFile; fileRef = E7625C1E2C2875A400628EFB /* SideMenu.swift */; };
		E7625C252C298E8D00628EFB /* Category.swift in Sources */ = {isa = PBXBuildFile; fileRef = E7625C242C298E8D00628EFB /* Category.swift */; };
		E7625C2E2C2994AD00628EFB /* NotesModel.xcdatamodeld in Sources */ = {isa = PBXBuildFile; fileRef = E7625C2C2C2994AD00628EFB /* NotesModel.xcdatamodeld */; };
		E7625C312C29968A00628EFB /* CoreDataManager.swift in Sources */ = {isa = PBXBuildFile; fileRef = E7625C302C29968A00628EFB /* CoreDataManager.swift */; };
		E7625C342C299D8200628EFB /* AddNewListViewModel.swift in Sources */ = {isa = PBXBuildFile; fileRef = E7625C332C299D8200628EFB /* AddNewListViewModel.swift */; };
		E7625C362C29A02200628EFB /* BaseModelProtocol.swift in Sources */ = {isa = PBXBuildFile; fileRef = E7625C352C29A02200628EFB /* BaseModelProtocol.swift */; };
		E7625C382C2B1EC000628EFB /* AddNewCategoryView.swift in Sources */ = {isa = PBXBuildFile; fileRef = E7625C372C2B1EC000628EFB /* AddNewCategoryView.swift */; };
		E7625C3C2C2B21FE00628EFB /* ColorListView.swift in Sources */ = {isa = PBXBuildFile; fileRef = E7625C3B2C2B21FE00628EFB /* ColorListView.swift */; };
		E7625C3E2C2B258700628EFB /* IconUtils.swift in Sources */ = {isa = PBXBuildFile; fileRef = E7625C3D2C2B258700628EFB /* IconUtils.swift */; };
		E7625C412C2B6FDD00628EFB /* NSColorTransformer.swift in Sources */ = {isa = PBXBuildFile; fileRef = E7625C402C2B6FDD00628EFB /* NSColorTransformer.swift */; };
		E7625C432C2B74F400628EFB /* CategoriesViewModel.swift in Sources */ = {isa = PBXBuildFile; fileRef = E7625C422C2B74F400628EFB /* CategoriesViewModel.swift */; };
		E7625C452C2B78F700628EFB /* CategoryViewModel.swift in Sources */ = {isa = PBXBuildFile; fileRef = E7625C442C2B78F700628EFB /* CategoryViewModel.swift */; };
		E7625C472C2B7CD100628EFB /* CategoriesView.swift in Sources */ = {isa = PBXBuildFile; fileRef = E7625C462C2B7CD100628EFB /* CategoriesView.swift */; };
		E7625C492C2D8F3B00628EFB /* CategoryHeaderView.swift in Sources */ = {isa = PBXBuildFile; fileRef = E7625C482C2D8F3B00628EFB /* CategoryHeaderView.swift */; };
		E7625C4B2C2D942500628EFB /* NoteView.swift in Sources */ = {isa = PBXBuildFile; fileRef = E7625C4A2C2D942500628EFB /* NoteView.swift */; };
		E7625C4D2C2D956700628EFB /* NoteViewModel.swift in Sources */ = {isa = PBXBuildFile; fileRef = E7625C4C2C2D956700628EFB /* NoteViewModel.swift */; };
		E7625C4F2C2D967C00628EFB /* DueDate.swift in Sources */ = {isa = PBXBuildFile; fileRef = E7625C4E2C2D967C00628EFB /* DueDate.swift */; };
		E7625C522C2D970D00628EFB /* DateExtension.swift in Sources */ = {isa = PBXBuildFile; fileRef = E7625C512C2D970D00628EFB /* DateExtension.swift */; };
		E78072DD2C52A44400C26549 /* Note.swift in Sources */ = {isa = PBXBuildFile; fileRef = E78072DC2C52A44400C26549 /* Note.swift */; };
		E798B9642C528FBE00132876 /* AddNewNoteView.swift in Sources */ = {isa = PBXBuildFile; fileRef = E798B9632C528FBE00132876 /* AddNewNoteView.swift */; };
		E798B9662C5290CC00132876 /* DueDateSelectionView.swift in Sources */ = {isa = PBXBuildFile; fileRef = E798B9652C5290CC00132876 /* DueDateSelectionView.swift */; };
/* End PBXBuildFile section */

/* Begin PBXFileReference section */
		E70B03222C53AAC900F3E5FA /* NoteItemCellView.swift */ = {isa = PBXFileReference; lastKnownFileType = sourcecode.swift; path = NoteItemCellView.swift; sourceTree = "<group>"; };
		E7625C092C2870D800628EFB /* Notes.app */ = {isa = PBXFileReference; explicitFileType = wrapper.application; includeInIndex = 0; path = Notes.app; sourceTree = BUILT_PRODUCTS_DIR; };
		E7625C0C2C2870D800628EFB /* NotesApp.swift */ = {isa = PBXFileReference; lastKnownFileType = sourcecode.swift; path = NotesApp.swift; sourceTree = "<group>"; };
		E7625C102C2870D900628EFB /* Assets.xcassets */ = {isa = PBXFileReference; lastKnownFileType = folder.assetcatalog; path = Assets.xcassets; sourceTree = "<group>"; };
		E7625C132C2870D900628EFB /* Preview Assets.xcassets */ = {isa = PBXFileReference; lastKnownFileType = folder.assetcatalog; path = "Preview Assets.xcassets"; sourceTree = "<group>"; };
		E7625C152C2870D900628EFB /* Notes.entitlements */ = {isa = PBXFileReference; lastKnownFileType = text.plist.entitlements; path = Notes.entitlements; sourceTree = "<group>"; };
		E7625C1C2C28717800628EFB /* HomeView.swift */ = {isa = PBXFileReference; lastKnownFileType = sourcecode.swift; path = HomeView.swift; sourceTree = "<group>"; };
		E7625C1E2C2875A400628EFB /* SideMenu.swift */ = {isa = PBXFileReference; lastKnownFileType = sourcecode.swift; path = SideMenu.swift; sourceTree = "<group>"; };
		E7625C242C298E8D00628EFB /* Category.swift */ = {isa = PBXFileReference; lastKnownFileType = sourcecode.swift; path = Category.swift; sourceTree = "<group>"; };
		E7625C2D2C2994AD00628EFB /* NotesModel.xcdatamodel */ = {isa = PBXFileReference; lastKnownFileType = wrapper.xcdatamodel; path = NotesModel.xcdatamodel; sourceTree = "<group>"; };
		E7625C302C29968A00628EFB /* CoreDataManager.swift */ = {isa = PBXFileReference; lastKnownFileType = sourcecode.swift; path = CoreDataManager.swift; sourceTree = "<group>"; };
		E7625C332C299D8200628EFB /* AddNewListViewModel.swift */ = {isa = PBXFileReference; lastKnownFileType = sourcecode.swift; path = AddNewListViewModel.swift; sourceTree = "<group>"; };
		E7625C352C29A02200628EFB /* BaseModelProtocol.swift */ = {isa = PBXFileReference; lastKnownFileType = sourcecode.swift; path = BaseModelProtocol.swift; sourceTree = "<group>"; };
		E7625C372C2B1EC000628EFB /* AddNewCategoryView.swift */ = {isa = PBXFileReference; lastKnownFileType = sourcecode.swift; path = AddNewCategoryView.swift; sourceTree = "<group>"; };
		E7625C3B2C2B21FE00628EFB /* ColorListView.swift */ = {isa = PBXFileReference; lastKnownFileType = sourcecode.swift; path = ColorListView.swift; sourceTree = "<group>"; };
		E7625C3D2C2B258700628EFB /* IconUtils.swift */ = {isa = PBXFileReference; lastKnownFileType = sourcecode.swift; path = IconUtils.swift; sourceTree = "<group>"; };
		E7625C402C2B6FDD00628EFB /* NSColorTransformer.swift */ = {isa = PBXFileReference; lastKnownFileType = sourcecode.swift; path = NSColorTransformer.swift; sourceTree = "<group>"; };
		E7625C422C2B74F400628EFB /* CategoriesViewModel.swift */ = {isa = PBXFileReference; lastKnownFileType = sourcecode.swift; path = CategoriesViewModel.swift; sourceTree = "<group>"; };
		E7625C442C2B78F700628EFB /* CategoryViewModel.swift */ = {isa = PBXFileReference; lastKnownFileType = sourcecode.swift; path = CategoryViewModel.swift; sourceTree = "<group>"; };
		E7625C462C2B7CD100628EFB /* CategoriesView.swift */ = {isa = PBXFileReference; lastKnownFileType = sourcecode.swift; path = CategoriesView.swift; sourceTree = "<group>"; };
		E7625C482C2D8F3B00628EFB /* CategoryHeaderView.swift */ = {isa = PBXFileReference; lastKnownFileType = sourcecode.swift; path = CategoryHeaderView.swift; sourceTree = "<group>"; };
		E7625C4A2C2D942500628EFB /* NoteView.swift */ = {isa = PBXFileReference; lastKnownFileType = sourcecode.swift; path = NoteView.swift; sourceTree = "<group>"; };
		E7625C4C2C2D956700628EFB /* NoteViewModel.swift */ = {isa = PBXFileReference; lastKnownFileType = sourcecode.swift; path = NoteViewModel.swift; sourceTree = "<group>"; };
		E7625C4E2C2D967C00628EFB /* DueDate.swift */ = {isa = PBXFileReference; lastKnownFileType = sourcecode.swift; path = DueDate.swift; sourceTree = "<group>"; };
		E7625C512C2D970D00628EFB /* DateExtension.swift */ = {isa = PBXFileReference; lastKnownFileType = sourcecode.swift; path = DateExtension.swift; sourceTree = "<group>"; };
		E78072DC2C52A44400C26549 /* Note.swift */ = {isa = PBXFileReference; lastKnownFileType = sourcecode.swift; path = Note.swift; sourceTree = "<group>"; };
		E798B9632C528FBE00132876 /* AddNewNoteView.swift */ = {isa = PBXFileReference; lastKnownFileType = sourcecode.swift; path = AddNewNoteView.swift; sourceTree = "<group>"; };
		E798B9652C5290CC00132876 /* DueDateSelectionView.swift */ = {isa = PBXFileReference; lastKnownFileType = sourcecode.swift; path = DueDateSelectionView.swift; sourceTree = "<group>"; };
/* End PBXFileReference section */

/* Begin PBXFrameworksBuildPhase section */
		E7625C062C2870D800628EFB /* Frameworks */ = {
			isa = PBXFrameworksBuildPhase;
			buildActionMask = 2147483647;
			files = (
			);
			runOnlyForDeploymentPostprocessing = 0;
		};
/* End PBXFrameworksBuildPhase section */

/* Begin PBXGroup section */
		E7625C002C2870D800628EFB = {
			isa = PBXGroup;
			children = (
				E7625C0B2C2870D800628EFB /* Notes */,
				E7625C0A2C2870D800628EFB /* Products */,
			);
			sourceTree = "<group>";
		};
		E7625C0A2C2870D800628EFB /* Products */ = {
			isa = PBXGroup;
			children = (
				E7625C092C2870D800628EFB /* Notes.app */,
			);
			name = Products;
			sourceTree = "<group>";
		};
		E7625C0B2C2870D800628EFB /* Notes */ = {
			isa = PBXGroup;
			children = (
				E7625C3D2C2B258700628EFB /* IconUtils.swift */,
				E7625C502C2D96E900628EFB /* Extensions */,
				E7625C3F2C2B6FC100628EFB /* Transformers */,
				E7625C322C299D3100628EFB /* ViewModels */,
				E7625C2F2C29967500628EFB /* Managers */,
				E7625C232C298DD000628EFB /* Models */,
				E7625C1B2C28715A00628EFB /* Views */,
				E7625C0C2C2870D800628EFB /* NotesApp.swift */,
				E7625C102C2870D900628EFB /* Assets.xcassets */,
				E7625C152C2870D900628EFB /* Notes.entitlements */,
				E7625C122C2870D900628EFB /* Preview Content */,
				E7625C2C2C2994AD00628EFB /* NotesModel.xcdatamodeld */,
			);
			path = Notes;
			sourceTree = "<group>";
		};
		E7625C122C2870D900628EFB /* Preview Content */ = {
			isa = PBXGroup;
			children = (
				E7625C132C2870D900628EFB /* Preview Assets.xcassets */,
			);
			path = "Preview Content";
			sourceTree = "<group>";
		};
		E7625C1B2C28715A00628EFB /* Views */ = {
			isa = PBXGroup;
			children = (
				E7625C1C2C28717800628EFB /* HomeView.swift */,
				E7625C1E2C2875A400628EFB /* SideMenu.swift */,
				E7625C372C2B1EC000628EFB /* AddNewCategoryView.swift */,
				E7625C3B2C2B21FE00628EFB /* ColorListView.swift */,
				E7625C462C2B7CD100628EFB /* CategoriesView.swift */,
				E7625C482C2D8F3B00628EFB /* CategoryHeaderView.swift */,
				E7625C4A2C2D942500628EFB /* NoteView.swift */,
				E798B9632C528FBE00132876 /* AddNewNoteView.swift */,
				E798B9652C5290CC00132876 /* DueDateSelectionView.swift */,
				E70B03222C53AAC900F3E5FA /* NoteItemCellView.swift */,
			);
			path = Views;
			sourceTree = "<group>";
		};
		E7625C232C298DD000628EFB /* Models */ = {
			isa = PBXGroup;
			children = (
				E7625C242C298E8D00628EFB /* Category.swift */,
				E7625C352C29A02200628EFB /* BaseModelProtocol.swift */,
				E7625C4E2C2D967C00628EFB /* DueDate.swift */,
				E78072DC2C52A44400C26549 /* Note.swift */,
			);
			path = Models;
			sourceTree = "<group>";
		};
		E7625C2F2C29967500628EFB /* Managers */ = {
			isa = PBXGroup;
			children = (
				E7625C302C29968A00628EFB /* CoreDataManager.swift */,
			);
			path = Managers;
			sourceTree = "<group>";
		};
		E7625C322C299D3100628EFB /* ViewModels */ = {
			isa = PBXGroup;
			children = (
				E7625C332C299D8200628EFB /* AddNewListViewModel.swift */,
				E7625C422C2B74F400628EFB /* CategoriesViewModel.swift */,
				E7625C442C2B78F700628EFB /* CategoryViewModel.swift */,
				E7625C4C2C2D956700628EFB /* NoteViewModel.swift */,
			);
			path = ViewModels;
			sourceTree = "<group>";
		};
		E7625C3F2C2B6FC100628EFB /* Transformers */ = {
			isa = PBXGroup;
			children = (
				E7625C402C2B6FDD00628EFB /* NSColorTransformer.swift */,
			);
			path = Transformers;
			sourceTree = "<group>";
		};
		E7625C502C2D96E900628EFB /* Extensions */ = {
			isa = PBXGroup;
			children = (
				E7625C512C2D970D00628EFB /* DateExtension.swift */,
			);
			path = Extensions;
			sourceTree = "<group>";
		};
/* End PBXGroup section */

/* Begin PBXNativeTarget section */
		E7625C082C2870D800628EFB /* Notes */ = {
			isa = PBXNativeTarget;
			buildConfigurationList = E7625C182C2870D900628EFB /* Build configuration list for PBXNativeTarget "Notes" */;
			buildPhases = (
				E7625C052C2870D800628EFB /* Sources */,
				E7625C062C2870D800628EFB /* Frameworks */,
				E7625C072C2870D800628EFB /* Resources */,
			);
			buildRules = (
			);
			dependencies = (
			);
			name = Notes;
			productName = Notes;
			productReference = E7625C092C2870D800628EFB /* Notes.app */;
			productType = "com.apple.product-type.application";
		};
/* End PBXNativeTarget section */

/* Begin PBXProject section */
		E7625C012C2870D800628EFB /* Project object */ = {
			isa = PBXProject;
			attributes = {
				BuildIndependentTargetsInParallel = 1;
				LastSwiftUpdateCheck = 1540;
				LastUpgradeCheck = 1540;
				TargetAttributes = {
					E7625C082C2870D800628EFB = {
						CreatedOnToolsVersion = 15.4;
					};
				};
			};
			buildConfigurationList = E7625C042C2870D800628EFB /* Build configuration list for PBXProject "Notes" */;
			compatibilityVersion = "Xcode 14.0";
			developmentRegion = en;
			hasScannedForEncodings = 0;
			knownRegions = (
				en,
				Base,
			);
			mainGroup = E7625C002C2870D800628EFB;
			productRefGroup = E7625C0A2C2870D800628EFB /* Products */;
			projectDirPath = "";
			projectRoot = "";
			targets = (
				E7625C082C2870D800628EFB /* Notes */,
			);
		};
/* End PBXProject section */

/* Begin PBXResourcesBuildPhase section */
		E7625C072C2870D800628EFB /* Resources */ = {
			isa = PBXResourcesBuildPhase;
			buildActionMask = 2147483647;
			files = (
				E7625C142C2870D900628EFB /* Preview Assets.xcassets in Resources */,
				E7625C112C2870D900628EFB /* Assets.xcassets in Resources */,
			);
			runOnlyForDeploymentPostprocessing = 0;
		};
/* End PBXResourcesBuildPhase section */

/* Begin PBXSourcesBuildPhase section */
		E7625C052C2870D800628EFB /* Sources */ = {
			isa = PBXSourcesBuildPhase;
			buildActionMask = 2147483647;
			files = (
				E7625C452C2B78F700628EFB /* CategoryViewModel.swift in Sources */,
				E7625C522C2D970D00628EFB /* DateExtension.swift in Sources */,
				E78072DD2C52A44400C26549 /* Note.swift in Sources */,
				E7625C362C29A02200628EFB /* BaseModelProtocol.swift in Sources */,
				E7625C4D2C2D956700628EFB /* NoteViewModel.swift in Sources */,
				E7625C312C29968A00628EFB /* CoreDataManager.swift in Sources */,
				E7625C342C299D8200628EFB /* AddNewListViewModel.swift in Sources */,
				E7625C382C2B1EC000628EFB /* AddNewCategoryView.swift in Sources */,
				E7625C492C2D8F3B00628EFB /* CategoryHeaderView.swift in Sources */,
				E798B9662C5290CC00132876 /* DueDateSelectionView.swift in Sources */,
				E7625C3C2C2B21FE00628EFB /* ColorListView.swift in Sources */,
				E7625C2E2C2994AD00628EFB /* NotesModel.xcdatamodeld in Sources */,
				E7625C252C298E8D00628EFB /* Category.swift in Sources */,
				E7625C472C2B7CD100628EFB /* CategoriesView.swift in Sources */,
				E7625C1F2C2875A400628EFB /* SideMenu.swift in Sources */,
				E7625C1D2C28717800628EFB /* HomeView.swift in Sources */,
				E798B9642C528FBE00132876 /* AddNewNoteView.swift in Sources */,
				E70B03232C53AAC900F3E5FA /* NoteItemCellView.swift in Sources */,
				E7625C4F2C2D967C00628EFB /* DueDate.swift in Sources */,
				E7625C4B2C2D942500628EFB /* NoteView.swift in Sources */,
				E7625C432C2B74F400628EFB /* CategoriesViewModel.swift in Sources */,
				E7625C3E2C2B258700628EFB /* IconUtils.swift in Sources */,
				E7625C412C2B6FDD00628EFB /* NSColorTransformer.swift in Sources */,
				E7625C0D2C2870D800628EFB /* NotesApp.swift in Sources */,
			);
			runOnlyForDeploymentPostprocessing = 0;
		};
/* End PBXSourcesBuildPhase section */

/* Begin XCBuildConfiguration section */
		E7625C162C2870D900628EFB /* Debug */ = {
			isa = XCBuildConfiguration;
			buildSettings = {
				ALWAYS_SEARCH_USER_PATHS = NO;
				ASSETCATALOG_COMPILER_GENERATE_SWIFT_ASSET_SYMBOL_EXTENSIONS = YES;
				CLANG_ANALYZER_NONNULL = YES;
				CLANG_ANALYZER_NUMBER_OBJECT_CONVERSION = YES_AGGRESSIVE;
				CLANG_CXX_LANGUAGE_STANDARD = "gnu++20";
				CLANG_ENABLE_MODULES = YES;
				CLANG_ENABLE_OBJC_ARC = YES;
				CLANG_ENABLE_OBJC_WEAK = YES;
				CLANG_WARN_BLOCK_CAPTURE_AUTORELEASING = YES;
				CLANG_WARN_BOOL_CONVERSION = YES;
				CLANG_WARN_COMMA = YES;
				CLANG_WARN_CONSTANT_CONVERSION = YES;
				CLANG_WARN_DEPRECATED_OBJC_IMPLEMENTATIONS = YES;
				CLANG_WARN_DIRECT_OBJC_ISA_USAGE = YES_ERROR;
				CLANG_WARN_DOCUMENTATION_COMMENTS = YES;
				CLANG_WARN_EMPTY_BODY = YES;
				CLANG_WARN_ENUM_CONVERSION = YES;
				CLANG_WARN_INFINITE_RECURSION = YES;
				CLANG_WARN_INT_CONVERSION = YES;
				CLANG_WARN_NON_LITERAL_NULL_CONVERSION = YES;
				CLANG_WARN_OBJC_IMPLICIT_RETAIN_SELF = YES;
				CLANG_WARN_OBJC_LITERAL_CONVERSION = YES;
				CLANG_WARN_OBJC_ROOT_CLASS = YES_ERROR;
				CLANG_WARN_QUOTED_INCLUDE_IN_FRAMEWORK_HEADER = YES;
				CLANG_WARN_RANGE_LOOP_ANALYSIS = YES;
				CLANG_WARN_STRICT_PROTOTYPES = YES;
				CLANG_WARN_SUSPICIOUS_MOVE = YES;
				CLANG_WARN_UNGUARDED_AVAILABILITY = YES_AGGRESSIVE;
				CLANG_WARN_UNREACHABLE_CODE = YES;
				CLANG_WARN__DUPLICATE_METHOD_MATCH = YES;
				COPY_PHASE_STRIP = NO;
				DEBUG_INFORMATION_FORMAT = dwarf;
				ENABLE_STRICT_OBJC_MSGSEND = YES;
				ENABLE_TESTABILITY = YES;
				ENABLE_USER_SCRIPT_SANDBOXING = YES;
				GCC_C_LANGUAGE_STANDARD = gnu17;
				GCC_DYNAMIC_NO_PIC = NO;
				GCC_NO_COMMON_BLOCKS = YES;
				GCC_OPTIMIZATION_LEVEL = 0;
				GCC_PREPROCESSOR_DEFINITIONS = (
					"DEBUG=1",
					"$(inherited)",
				);
				GCC_WARN_64_TO_32_BIT_CONVERSION = YES;
				GCC_WARN_ABOUT_RETURN_TYPE = YES_ERROR;
				GCC_WARN_UNDECLARED_SELECTOR = YES;
				GCC_WARN_UNINITIALIZED_AUTOS = YES_AGGRESSIVE;
				GCC_WARN_UNUSED_FUNCTION = YES;
				GCC_WARN_UNUSED_VARIABLE = YES;
				LOCALIZATION_PREFERS_STRING_CATALOGS = YES;
				MACOSX_DEPLOYMENT_TARGET = 14.5;
				MTL_ENABLE_DEBUG_INFO = INCLUDE_SOURCE;
				MTL_FAST_MATH = YES;
				ONLY_ACTIVE_ARCH = YES;
				SDKROOT = macosx;
				SWIFT_ACTIVE_COMPILATION_CONDITIONS = "DEBUG $(inherited)";
				SWIFT_OPTIMIZATION_LEVEL = "-Onone";
			};
			name = Debug;
		};
		E7625C172C2870D900628EFB /* Release */ = {
			isa = XCBuildConfiguration;
			buildSettings = {
				ALWAYS_SEARCH_USER_PATHS = NO;
				ASSETCATALOG_COMPILER_GENERATE_SWIFT_ASSET_SYMBOL_EXTENSIONS = YES;
				CLANG_ANALYZER_NONNULL = YES;
				CLANG_ANALYZER_NUMBER_OBJECT_CONVERSION = YES_AGGRESSIVE;
				CLANG_CXX_LANGUAGE_STANDARD = "gnu++20";
				CLANG_ENABLE_MODULES = YES;
				CLANG_ENABLE_OBJC_ARC = YES;
				CLANG_ENABLE_OBJC_WEAK = YES;
				CLANG_WARN_BLOCK_CAPTURE_AUTORELEASING = YES;
				CLANG_WARN_BOOL_CONVERSION = YES;
				CLANG_WARN_COMMA = YES;
				CLANG_WARN_CONSTANT_CONVERSION = YES;
				CLANG_WARN_DEPRECATED_OBJC_IMPLEMENTATIONS = YES;
				CLANG_WARN_DIRECT_OBJC_ISA_USAGE = YES_ERROR;
				CLANG_WARN_DOCUMENTATION_COMMENTS = YES;
				CLANG_WARN_EMPTY_BODY = YES;
				CLANG_WARN_ENUM_CONVERSION = YES;
				CLANG_WARN_INFINITE_RECURSION = YES;
				CLANG_WARN_INT_CONVERSION = YES;
				CLANG_WARN_NON_LITERAL_NULL_CONVERSION = YES;
				CLANG_WARN_OBJC_IMPLICIT_RETAIN_SELF = YES;
				CLANG_WARN_OBJC_LITERAL_CONVERSION = YES;
				CLANG_WARN_OBJC_ROOT_CLASS = YES_ERROR;
				CLANG_WARN_QUOTED_INCLUDE_IN_FRAMEWORK_HEADER = YES;
				CLANG_WARN_RANGE_LOOP_ANALYSIS = YES;
				CLANG_WARN_STRICT_PROTOTYPES = YES;
				CLANG_WARN_SUSPICIOUS_MOVE = YES;
				CLANG_WARN_UNGUARDED_AVAILABILITY = YES_AGGRESSIVE;
				CLANG_WARN_UNREACHABLE_CODE = YES;
				CLANG_WARN__DUPLICATE_METHOD_MATCH = YES;
				COPY_PHASE_STRIP = NO;
				DEBUG_INFORMATION_FORMAT = "dwarf-with-dsym";
				ENABLE_NS_ASSERTIONS = NO;
				ENABLE_STRICT_OBJC_MSGSEND = YES;
				ENABLE_USER_SCRIPT_SANDBOXING = YES;
				GCC_C_LANGUAGE_STANDARD = gnu17;
				GCC_NO_COMMON_BLOCKS = YES;
				GCC_WARN_64_TO_32_BIT_CONVERSION = YES;
				GCC_WARN_ABOUT_RETURN_TYPE = YES_ERROR;
				GCC_WARN_UNDECLARED_SELECTOR = YES;
				GCC_WARN_UNINITIALIZED_AUTOS = YES_AGGRESSIVE;
				GCC_WARN_UNUSED_FUNCTION = YES;
				GCC_WARN_UNUSED_VARIABLE = YES;
				LOCALIZATION_PREFERS_STRING_CATALOGS = YES;
				MACOSX_DEPLOYMENT_TARGET = 14.5;
				MTL_ENABLE_DEBUG_INFO = NO;
				MTL_FAST_MATH = YES;
				SDKROOT = macosx;
				SWIFT_COMPILATION_MODE = wholemodule;
			};
			name = Release;
		};
		E7625C192C2870D900628EFB /* Debug */ = {
			isa = XCBuildConfiguration;
			buildSettings = {
				ASSETCATALOG_COMPILER_APPICON_NAME = AppIcon;
				ASSETCATALOG_COMPILER_GLOBAL_ACCENT_COLOR_NAME = AccentColor;
				CODE_SIGN_ENTITLEMENTS = Notes/Notes.entitlements;
				"CODE_SIGN_IDENTITY[sdk=macosx*]" = "Apple Development";
				CODE_SIGN_STYLE = Automatic;
				COMBINE_HIDPI_IMAGES = YES;
				CURRENT_PROJECT_VERSION = 1;
				DEVELOPMENT_ASSET_PATHS = "\"Notes/Preview Content\"";
				DEVELOPMENT_TEAM = U7Q82J324J;
				ENABLE_PREVIEWS = YES;
				GENERATE_INFOPLIST_FILE = YES;
				INFOPLIST_KEY_NSHumanReadableCopyright = "";
				LD_RUNPATH_SEARCH_PATHS = (
					"$(inherited)",
					"@executable_path/../Frameworks",
				);
				MARKETING_VERSION = 1.0;
				PRODUCT_BUNDLE_IDENTIFIER = com.hajri.Notes;
				PRODUCT_NAME = "$(TARGET_NAME)";
				SWIFT_EMIT_LOC_STRINGS = YES;
				SWIFT_VERSION = 5.0;
			};
			name = Debug;
		};
		E7625C1A2C2870D900628EFB /* Release */ = {
			isa = XCBuildConfiguration;
			buildSettings = {
				ASSETCATALOG_COMPILER_APPICON_NAME = AppIcon;
				ASSETCATALOG_COMPILER_GLOBAL_ACCENT_COLOR_NAME = AccentColor;
				CODE_SIGN_ENTITLEMENTS = Notes/Notes.entitlements;
				"CODE_SIGN_IDENTITY[sdk=macosx*]" = "Apple Development";
				CODE_SIGN_STYLE = Automatic;
				COMBINE_HIDPI_IMAGES = YES;
				CURRENT_PROJECT_VERSION = 1;
				DEVELOPMENT_ASSET_PATHS = "\"Notes/Preview Content\"";
				DEVELOPMENT_TEAM = U7Q82J324J;
				ENABLE_PREVIEWS = YES;
				GENERATE_INFOPLIST_FILE = YES;
				INFOPLIST_KEY_NSHumanReadableCopyright = "";
				LD_RUNPATH_SEARCH_PATHS = (
					"$(inherited)",
					"@executable_path/../Frameworks",
				);
				MARKETING_VERSION = 1.0;
				PRODUCT_BUNDLE_IDENTIFIER = com.hajri.Notes;
				PRODUCT_NAME = "$(TARGET_NAME)";
				SWIFT_EMIT_LOC_STRINGS = YES;
				SWIFT_VERSION = 5.0;
			};
			name = Release;
		};
/* End XCBuildConfiguration section */

/* Begin XCConfigurationList section */
		E7625C042C2870D800628EFB /* Build configuration list for PBXProject "Notes" */ = {
			isa = XCConfigurationList;
			buildConfigurations = (
				E7625C162C2870D900628EFB /* Debug */,
				E7625C172C2870D900628EFB /* Release */,
			);
			defaultConfigurationIsVisible = 0;
			defaultConfigurationName = Release;
		};
		E7625C182C2870D900628EFB /* Build configuration list for PBXNativeTarget "Notes" */ = {
			isa = XCConfigurationList;
			buildConfigurations = (
				E7625C192C2870D900628EFB /* Debug */,
				E7625C1A2C2870D900628EFB /* Release */,
			);
			defaultConfigurationIsVisible = 0;
			defaultConfigurationName = Release;
		};
/* End XCConfigurationList section */

/* Begin XCVersionGroup section */
		E7625C2C2C2994AD00628EFB /* NotesModel.xcdatamodeld */ = {
			isa = XCVersionGroup;
			children = (
				E7625C2D2C2994AD00628EFB /* NotesModel.xcdatamodel */,
			);
			currentVersion = E7625C2D2C2994AD00628EFB /* NotesModel.xcdatamodel */;
			name = NotesModel.xcdatamodeld;
			path = /Users/damin/Desktop/Notes/Notes/NotesModel.xcdatamodeld;
			sourceTree = "<group>";
			versionGroupType = wrapper.xcdatamodel;
		};
/* End XCVersionGroup section */
	};
	rootObject = E7625C012C2870D800628EFB /* Project object */;
}
